
Microsoft Visual Studio Solution File, Format Version 12.00
# Visual Studio Version 16
VisualStudioVersion = 16.0.29613.14
MinimumVisualStudioVersion = 10.0.40219.1
Project("{FAE04EC0-301F-11D3-BF4B-00C04F79EFBC}") = "BuginatorBackend", "BuginatorBackend\BuginatorBackend.csproj", "{671323AC-F941-4728-A497-C24ED6BAF912}"
EndProject
Global
	GlobalSection(SolutionConfigurationPlatforms) = preSolution
		Debug|Any CPU = Debug|Any CPU
		Release|Any CPU = Release|Any CPU
	EndGlobalSection
	GlobalSection(ProjectConfigurationPlatforms) = postSolution
		{671323AC-F941-4728-A497-C24ED6BAF912}.Debug|Any CPU.ActiveCfg = Debug|Any CPU
		{671323AC-F941-4728-A497-C24ED6BAF912}.Debug|Any CPU.Build.0 = Debug|Any CPU
		{671323AC-F941-4728-A497-C24ED6BAF912}.Release|Any CPU.ActiveCfg = Release|Any CPU
		{671323AC-F941-4728-A497-C24ED6BAF912}.Release|Any CPU.Build.0 = Release|Any CPU
	EndGlobalSection
	GlobalSection(SolutionProperties) = preSolution
		HideSolutionNode = FALSE
	EndGlobalSection
	GlobalSection(ExtensibilityGlobals) = postSolution
		SolutionGuid = {3907596C-70D9-40B4-A2FF-0F992D7622DA}
	EndGlobalSection
EndGlobal
